
Microsoft Visual Studio Solution File, Format Version 12.00
# Visual Studio Version 17
VisualStudioVersion = 17.4.33110.190
MinimumVisualStudioVersion = 10.0.40219.1
Project("{8BC9CEB8-8B4A-11D0-8D11-00A0C91BC942}") = "TQueue", "TQueue.vcxproj", "{6C4DBA58-6913-4502-A1D3-E0F57A28754C}"
EndProject
Project("{8BC9CEB8-8B4A-11D0-8D11-00A0C91BC942}") = "gtest-sln", "..\gtest-sln\gtest-sln.vcxproj", "{A49FB957-5AF2-491A-B177-72D4D84DF7EC}"
EndProject
Project("{8BC9CEB8-8B4A-11D0-8D11-00A0C91BC942}") = "test-sln", "..\test-sln\test-sln.vcxproj", "{AC8568D3-1721-400E-BFA8-F9522EA1607F}"
EndProject
Global
	GlobalSection(SolutionConfigurationPlatforms) = preSolution
		Debug|x64 = Debug|x64
		Debug|x86 = Debug|x86
		Release|x64 = Release|x64
		Release|x86 = Release|x86
	EndGlobalSection
	GlobalSection(ProjectConfigurationPlatforms) = postSolution
		{6C4DBA58-6913-4502-A1D3-E0F57A28754C}.Debug|x64.ActiveCfg = Debug|x64
		{6C4DBA58-6913-4502-A1D3-E0F57A28754C}.Debug|x64.Build.0 = Debug|x64
		{6C4DBA58-6913-4502-A1D3-E0F57A28754C}.Debug|x86.ActiveCfg = Debug|Win32
		{6C4DBA58-6913-4502-A1D3-E0F57A28754C}.Debug|x86.Build.0 = Debug|Win32
		{6C4DBA58-6913-4502-A1D3-E0F57A28754C}.Release|x64.ActiveCfg = Release|x64
		{6C4DBA58-6913-4502-A1D3-E0F57A28754C}.Release|x64.Build.0 = Release|x64
		{6C4DBA58-6913-4502-A1D3-E0F57A28754C}.Release|x86.ActiveCfg = Release|Win32
		{6C4DBA58-6913-4502-A1D3-E0F57A28754C}.Release|x86.Build.0 = Release|Win32
		{A49FB957-5AF2-491A-B177-72D4D84DF7EC}.Debug|x64.ActiveCfg = Debug|x64
		{A49FB957-5AF2-491A-B177-72D4D84DF7EC}.Debug|x64.Build.0 = Debug|x64
		{A49FB957-5AF2-491A-B177-72D4D84DF7EC}.Debug|x86.ActiveCfg = Debug|Win32
		{A49FB957-5AF2-491A-B177-72D4D84DF7EC}.Debug|x86.Build.0 = Debug|Win32
		{A49FB957-5AF2-491A-B177-72D4D84DF7EC}.Release|x64.ActiveCfg = Release|x64
		{A49FB957-5AF2-491A-B177-72D4D84DF7EC}.Release|x64.Build.0 = Release|x64
		{A49FB957-5AF2-491A-B177-72D4D84DF7EC}.Release|x86.ActiveCfg = Release|Win32
		{A49FB957-5AF2-491A-B177-72D4D84DF7EC}.Release|x86.Build.0 = Release|Win32
		{AC8568D3-1721-400E-BFA8-F9522EA1607F}.Debug|x64.ActiveCfg = Debug|x64
		{AC8568D3-1721-400E-BFA8-F9522EA1607F}.Debug|x64.Build.0 = Debug|x64
		{AC8568D3-1721-400E-BFA8-F9522EA1607F}.Debug|x86.ActiveCfg = Debug|Win32
		{AC8568D3-1721-400E-BFA8-F9522EA1607F}.Debug|x86.Build.0 = Debug|Win32
		{AC8568D3-1721-400E-BFA8-F9522EA1607F}.Release|x64.ActiveCfg = Release|x64
		{AC8568D3-1721-400E-BFA8-F9522EA1607F}.Release|x64.Build.0 = Release|x64
		{AC8568D3-1721-400E-BFA8-F9522EA1607F}.Release|x86.ActiveCfg = Release|Win32
		{AC8568D3-1721-400E-BFA8-F9522EA1607F}.Release|x86.Build.0 = Release|Win32
	EndGlobalSection
	GlobalSection(SolutionProperties) = preSolution
		HideSolutionNode = FALSE
	EndGlobalSection
	GlobalSection(ExtensibilityGlobals) = postSolution
		SolutionGuid = {3A7EAEFB-4FDD-45ED-9E32-CD17C263150A}
	EndGlobalSection
EndGlobal
